{
  "name": "filesharingapp",
  "version": "2.0.0",
  "lockfileVersion": 2,
  "requires": true,
  "packages": {
    "": {
      "name": "filesharingapp",
      "version": "2.0.0",
      "license": "Apache License",
      "devDependencies": {
        "busboy": "^1.6.0",
        "mysql": "^2.18.1",
        "nodemailer": "^6.7.7"
      }
    },
    "node_modules/bignumber.js": {
      "version": "9.0.0",
      "dev": true,
      "license": "MIT",
      "engines": {
        "node": "*"
      }
    },
    "node_modules/busboy": {
      "version": "1.6.0",
      "dev": true,
      "dependencies": {
        "streamsearch": "^1.1.0"
      },
      "engines": {
        "node": ">=10.16.0"
      }
    },
    "node_modules/core-util-is": {
      "version": "1.0.3",
      "dev": true,
      "license": "MIT"
    },
    "node_modules/inherits": {
      "version": "2.0.4",
      "dev": true,
      "license": "ISC"
    },
    "node_modules/isarray": {
      "version": "1.0.0",
      "dev": true,
      "license": "MIT"
    },
    "node_modules/mysql": {
      "version": "2.18.1",
      "dev": true,
      "license": "MIT",
      "dependencies": {
        "bignumber.js": "9.0.0",
        "readable-stream": "2.3.7",
        "safe-buffer": "5.1.2",
        "sqlstring": "2.3.1"
      },
      "engines": {
        "node": ">= 0.6"
      }
    },
    "node_modules/nodemailer": {
      "version": "6.7.7",
      "resolved": "https://registry.npmjs.org/nodemailer/-/nodemailer-6.7.7.tgz",
      "integrity": "sha512-pOLC/s+2I1EXuSqO5Wa34i3kXZG3gugDssH+ZNCevHad65tc8vQlCQpOLaUjopvkRQKm2Cki2aME7fEOPRy3bA==",
      "dev": true,
      "engines": {
        "node": ">=6.0.0"
      }
    },
    "node_modules/process-nextick-args": {
      "version": "2.0.1",
      "dev": true,
      "license": "MIT"
    },
    "node_modules/readable-stream": {
      "version": "2.3.7",
      "dev": true,
      "license": "MIT",
      "dependencies": {
        "core-util-is": "~1.0.0",
        "inherits": "~2.0.3",
        "isarray": "~1.0.0",
        "process-nextick-args": "~2.0.0",
        "safe-buffer": "~5.1.1",
        "string_decoder": "~1.1.1",
        "util-deprecate": "~1.0.1"
      }
    },
    "node_modules/safe-buffer": {
      "version": "5.1.2",
      "dev": true,
      "license": "MIT"
    },
    "node_modules/sqlstring": {
      "version": "2.3.1",
      "dev": true,
      "license": "MIT",
      "engines": {
        "node": ">= 0.6"
      }
    },
    "node_modules/streamsearch": {
      "version": "1.1.0",
      "dev": true,
      "engines": {
        "node": ">=10.0.0"
      }
    },
    "node_modules/string_decoder": {
      "version": "1.1.1",
      "dev": true,
      "license": "MIT",
      "dependencies": {
        "safe-buffer": "~5.1.0"
      }
    },
    "node_modules/util-deprecate": {
      "version": "1.0.2",
      "dev": true,
      "license": "MIT"
    }
  },
  "dependencies": {
    "bignumber.js": {
      "version": "9.0.0",
      "dev": true
    },
    "busboy": {
      "version": "1.6.0",
      "dev": true,
      "requires": {
        "streamsearch": "^1.1.0"
      }
    },
    "core-util-is": {
      "version": "1.0.3",
      "dev": true
    },
    "inherits": {
      "version": "2.0.4",
      "dev": true
    },
    "isarray": {
      "version": "1.0.0",
      "dev": true
    },
    "mysql": {
      "version": "2.18.1",
      "dev": true,
      "requires": {
        "bignumber.js": "9.0.0",
        "readable-stream": "2.3.7",
        "safe-buffer": "5.1.2",
        "sqlstring": "2.3.1"
      }
    },
    "nodemailer": {
      "version": "6.7.7",
      "resolved": "https://registry.npmjs.org/nodemailer/-/nodemailer-6.7.7.tgz",
      "integrity": "sha512-pOLC/s+2I1EXuSqO5Wa34i3kXZG3gugDssH+ZNCevHad65tc8vQlCQpOLaUjopvkRQKm2Cki2aME7fEOPRy3bA==",
      "dev": true
    },
    "process-nextick-args": {
      "version": "2.0.1",
      "dev": true
    },
    "readable-stream": {
      "version": "2.3.7",
      "dev": true,
      "requires": {
        "core-util-is": "~1.0.0",
        "inherits": "~2.0.3",
        "isarray": "~1.0.0",
        "process-nextick-args": "~2.0.0",
        "safe-buffer": "~5.1.1",
        "string_decoder": "~1.1.1",
        "util-deprecate": "~1.0.1"
      }
    },
    "safe-buffer": {
      "version": "5.1.2",
      "dev": true
    },
    "sqlstring": {
      "version": "2.3.1",
      "dev": true
    },
    "streamsearch": {
      "version": "1.1.0",
      "dev": true
    },
    "string_decoder": {
      "version": "1.1.1",
      "dev": true,
      "requires": {
        "safe-buffer": "~5.1.0"
      }
    },
    "util-deprecate": {
      "version": "1.0.2",
      "dev": true
    }
  }
}
